// !$*UTF8*$!
{
	archiveVersion = 1;
	classes = {
	};
	objectVersion = 50;
	objects = {

/* Begin PBXBuildFile section */
		452F7EA8241AAB3600C3E4A9 /* AppDelegate.swift in Sources */ = {isa = PBXBuildFile; fileRef = 452F7EA7241AAB3600C3E4A9 /* AppDelegate.swift */; };
		452F7EAA241AAB3600C3E4A9 /* SceneDelegate.swift in Sources */ = {isa = PBXBuildFile; fileRef = 452F7EA9241AAB3600C3E4A9 /* SceneDelegate.swift */; };
		452F7EAD241AAB3600C3E4A9 /* NBAQuiz.xcdatamodeld in Sources */ = {isa = PBXBuildFile; fileRef = 452F7EAB241AAB3600C3E4A9 /* NBAQuiz.xcdatamodeld */; };
		452F7EAF241AAB3600C3E4A9 /* TeamListView.swift in Sources */ = {isa = PBXBuildFile; fileRef = 452F7EAE241AAB3600C3E4A9 /* TeamListView.swift */; };
		452F7EB1241AAB3800C3E4A9 /* Assets.xcassets in Resources */ = {isa = PBXBuildFile; fileRef = 452F7EB0241AAB3800C3E4A9 /* Assets.xcassets */; };
		452F7EB4241AAB3800C3E4A9 /* Preview Assets.xcassets in Resources */ = {isa = PBXBuildFile; fileRef = 452F7EB3241AAB3800C3E4A9 /* Preview Assets.xcassets */; };
		452F7EB7241AAB3800C3E4A9 /* LaunchScreen.storyboard in Resources */ = {isa = PBXBuildFile; fileRef = 452F7EB5241AAB3800C3E4A9 /* LaunchScreen.storyboard */; };
		4571C10A242A87B700DB4AF6 /* DecadesListView.swift in Sources */ = {isa = PBXBuildFile; fileRef = 4571C109242A87B700DB4AF6 /* DecadesListView.swift */; };
		45B2E0D72448E78600482596 /* PlistParser.swift in Sources */ = {isa = PBXBuildFile; fileRef = 45B2E0D62448E78600482596 /* PlistParser.swift */; };
		45B2E0D92448E80600482596 /* Quizzes.plist in Resources */ = {isa = PBXBuildFile; fileRef = 45B2E0D82448E80600482596 /* Quizzes.plist */; };
		45B2E0DB2448EAF400482596 /* QuizData.swift in Sources */ = {isa = PBXBuildFile; fileRef = 45B2E0DA2448EAF400482596 /* QuizData.swift */; };
		45B2E0DD2448EB1100482596 /* QuizQuestion.swift in Sources */ = {isa = PBXBuildFile; fileRef = 45B2E0DC2448EB1100482596 /* QuizQuestion.swift */; };
		45B2E0DF2448EB7400482596 /* Quiz.swift in Sources */ = {isa = PBXBuildFile; fileRef = 45B2E0DE2448EB7400482596 /* Quiz.swift */; };
/* End PBXBuildFile section */

/* Begin PBXFileReference section */
		452F7EA4241AAB3600C3E4A9 /* NBAQuiz.app */ = {isa = PBXFileReference; explicitFileType = wrapper.application; includeInIndex = 0; path = NBAQuiz.app; sourceTree = BUILT_PRODUCTS_DIR; };
		452F7EA7241AAB3600C3E4A9 /* AppDelegate.swift */ = {isa = PBXFileReference; lastKnownFileType = sourcecode.swift; path = AppDelegate.swift; sourceTree = "<group>"; };
		452F7EA9241AAB3600C3E4A9 /* SceneDelegate.swift */ = {isa = PBXFileReference; lastKnownFileType = sourcecode.swift; path = SceneDelegate.swift; sourceTree = "<group>"; };
		452F7EAC241AAB3600C3E4A9 /* NBAQuiz.xcdatamodel */ = {isa = PBXFileReference; lastKnownFileType = wrapper.xcdatamodel; path = NBAQuiz.xcdatamodel; sourceTree = "<group>"; };
		452F7EAE241AAB3600C3E4A9 /* TeamListView.swift */ = {isa = PBXFileReference; lastKnownFileType = sourcecode.swift; path = TeamListView.swift; sourceTree = "<group>"; };
		452F7EB0241AAB3800C3E4A9 /* Assets.xcassets */ = {isa = PBXFileReference; lastKnownFileType = folder.assetcatalog; path = Assets.xcassets; sourceTree = "<group>"; };
		452F7EB3241AAB3800C3E4A9 /* Preview Assets.xcassets */ = {isa = PBXFileReference; lastKnownFileType = folder.assetcatalog; path = "Preview Assets.xcassets"; sourceTree = "<group>"; };
		452F7EB6241AAB3800C3E4A9 /* Base */ = {isa = PBXFileReference; lastKnownFileType = file.storyboard; name = Base; path = Base.lproj/LaunchScreen.storyboard; sourceTree = "<group>"; };
		452F7EB8241AAB3800C3E4A9 /* Info.plist */ = {isa = PBXFileReference; lastKnownFileType = text.plist.xml; path = Info.plist; sourceTree = "<group>"; };
		4571C109242A87B700DB4AF6 /* DecadesListView.swift */ = {isa = PBXFileReference; fileEncoding = 4; lastKnownFileType = sourcecode.swift; path = DecadesListView.swift; sourceTree = SOURCE_ROOT; };
		45B2E0D62448E78600482596 /* PlistParser.swift */ = {isa = PBXFileReference; lastKnownFileType = sourcecode.swift; path = PlistParser.swift; sourceTree = "<group>"; };
		45B2E0D82448E80600482596 /* Quizzes.plist */ = {isa = PBXFileReference; lastKnownFileType = text.plist.xml; path = Quizzes.plist; sourceTree = "<group>"; };
		45B2E0DA2448EAF400482596 /* QuizData.swift */ = {isa = PBXFileReference; lastKnownFileType = sourcecode.swift; path = QuizData.swift; sourceTree = "<group>"; };
		45B2E0DC2448EB1100482596 /* QuizQuestion.swift */ = {isa = PBXFileReference; lastKnownFileType = sourcecode.swift; path = QuizQuestion.swift; sourceTree = "<group>"; };
		45B2E0DE2448EB7400482596 /* Quiz.swift */ = {isa = PBXFileReference; lastKnownFileType = sourcecode.swift; path = Quiz.swift; sourceTree = "<group>"; };
/* End PBXFileReference section */

/* Begin PBXFrameworksBuildPhase section */
		452F7EA1241AAB3600C3E4A9 /* Frameworks */ = {
			isa = PBXFrameworksBuildPhase;
			buildActionMask = 2147483647;
			files = (
			);
			runOnlyForDeploymentPostprocessing = 0;
		};
/* End PBXFrameworksBuildPhase section */

/* Begin PBXGroup section */
		452F7E9B241AAB3600C3E4A9 = {
			isa = PBXGroup;
			children = (
				452F7EA6241AAB3600C3E4A9 /* NBAQuiz */,
				452F7EA5241AAB3600C3E4A9 /* Products */,
			);
			sourceTree = "<group>";
		};
		452F7EA5241AAB3600C3E4A9 /* Products */ = {
			isa = PBXGroup;
			children = (
				452F7EA4241AAB3600C3E4A9 /* NBAQuiz.app */,
			);
			name = Products;
			sourceTree = "<group>";
		};
		452F7EA6241AAB3600C3E4A9 /* NBAQuiz */ = {
			isa = PBXGroup;
			children = (
				452F7EA7241AAB3600C3E4A9 /* AppDelegate.swift */,
				452F7EA9241AAB3600C3E4A9 /* SceneDelegate.swift */,
				452F7EAE241AAB3600C3E4A9 /* TeamListView.swift */,
				4571C109242A87B700DB4AF6 /* DecadesListView.swift */,
				45B2E0DA2448EAF400482596 /* QuizData.swift */,
				45B2E0DE2448EB7400482596 /* Quiz.swift */,
				45B2E0DC2448EB1100482596 /* QuizQuestion.swift */,
				45B2E0D62448E78600482596 /* PlistParser.swift */,
				452F7EB0241AAB3800C3E4A9 /* Assets.xcassets */,
				452F7EB5241AAB3800C3E4A9 /* LaunchScreen.storyboard */,
				452F7EB8241AAB3800C3E4A9 /* Info.plist */,
				45B2E0D82448E80600482596 /* Quizzes.plist */,
				452F7EAB241AAB3600C3E4A9 /* NBAQuiz.xcdatamodeld */,
				452F7EB2241AAB3800C3E4A9 /* Preview Content */,
			);
			path = NBAQuiz;
			sourceTree = "<group>";
		};
		452F7EB2241AAB3800C3E4A9 /* Preview Content */ = {
			isa = PBXGroup;
			children = (
				452F7EB3241AAB3800C3E4A9 /* Preview Assets.xcassets */,
			);
			path = "Preview Content";
			sourceTree = "<group>";
		};
/* End PBXGroup section */

/* Begin PBXNativeTarget section */
		452F7EA3241AAB3600C3E4A9 /* NBAQuiz */ = {
			isa = PBXNativeTarget;
			buildConfigurationList = 452F7EBB241AAB3800C3E4A9 /* Build configuration list for PBXNativeTarget "NBAQuiz" */;
			buildPhases = (
				452F7EA0241AAB3600C3E4A9 /* Sources */,
				452F7EA1241AAB3600C3E4A9 /* Frameworks */,
				452F7EA2241AAB3600C3E4A9 /* Resources */,
			);
			buildRules = (
			);
			dependencies = (
			);
			name = NBAQuiz;
			productName = NBAQuiz;
			productReference = 452F7EA4241AAB3600C3E4A9 /* NBAQuiz.app */;
			productType = "com.apple.product-type.application";
		};
/* End PBXNativeTarget section */

/* Begin PBXProject section */
		452F7E9C241AAB3600C3E4A9 /* Project object */ = {
			isa = PBXProject;
			attributes = {
				LastSwiftUpdateCheck = 1130;
				LastUpgradeCheck = 1130;
				ORGANIZATIONNAME = Kayvon;
				TargetAttributes = {
					452F7EA3241AAB3600C3E4A9 = {
						CreatedOnToolsVersion = 11.3.1;
					};
				};
			};
			buildConfigurationList = 452F7E9F241AAB3600C3E4A9 /* Build configuration list for PBXProject "NBAQuiz" */;
			compatibilityVersion = "Xcode 9.3";
			developmentRegion = en;
			hasScannedForEncodings = 0;
			knownRegions = (
				en,
				Base,
			);
			mainGroup = 452F7E9B241AAB3600C3E4A9;
			productRefGroup = 452F7EA5241AAB3600C3E4A9 /* Products */;
			projectDirPath = "";
			projectRoot = "";
			targets = (
				452F7EA3241AAB3600C3E4A9 /* NBAQuiz */,
			);
		};
/* End PBXProject section */

/* Begin PBXResourcesBuildPhase section */
		452F7EA2241AAB3600C3E4A9 /* Resources */ = {
			isa = PBXResourcesBuildPhase;
			buildActionMask = 2147483647;
			files = (
				452F7EB7241AAB3800C3E4A9 /* LaunchScreen.storyboard in Resources */,
				452F7EB4241AAB3800C3E4A9 /* Preview Assets.xcassets in Resources */,
				45B2E0D92448E80600482596 /* Quizzes.plist in Resources */,
				452F7EB1241AAB3800C3E4A9 /* Assets.xcassets in Resources */,
			);
			runOnlyForDeploymentPostprocessing = 0;
		};
/* End PBXResourcesBuildPhase section */

/* Begin PBXSourcesBuildPhase section */
		452F7EA0241AAB3600C3E4A9 /* Sources */ = {
			isa = PBXSourcesBuildPhase;
			buildActionMask = 2147483647;
			files = (
				452F7EAD241AAB3600C3E4A9 /* NBAQuiz.xcdatamodeld in Sources */,
				4571C10A242A87B700DB4AF6 /* DecadesListView.swift in Sources */,
				452F7EA8241AAB3600C3E4A9 /* AppDelegate.swift in Sources */,
				452F7EAF241AAB3600C3E4A9 /* TeamListView.swift in Sources */,
				452F7EAA241AAB3600C3E4A9 /* SceneDelegate.swift in Sources */,
				45B2E0D72448E78600482596 /* PlistParser.swift in Sources */,
				45B2E0DD2448EB1100482596 /* QuizQuestion.swift in Sources */,
				45B2E0DB2448EAF400482596 /* QuizData.swift in Sources */,
				45B2E0DF2448EB7400482596 /* Quiz.swift in Sources */,
			);
			runOnlyForDeploymentPostprocessing = 0;
		};
/* End PBXSourcesBuildPhase section */

/* Begin PBXVariantGroup section */
		452F7EB5241AAB3800C3E4A9 /* LaunchScreen.storyboard */ = {
			isa = PBXVariantGroup;
			children = (
				452F7EB6241AAB3800C3E4A9 /* Base */,
			);
			name = LaunchScreen.storyboard;
			sourceTree = "<group>";
		};
/* End PBXVariantGroup section */

/* Begin XCBuildConfiguration section */
		452F7EB9241AAB3800C3E4A9 /* Debug */ = {
			isa = XCBuildConfiguration;
			buildSettings = {
				ALWAYS_SEARCH_USER_PATHS = NO;
				CLANG_ANALYZER_NONNULL = YES;
				CLANG_ANALYZER_NUMBER_OBJECT_CONVERSION = YES_AGGRESSIVE;
				CLANG_CXX_LANGUAGE_STANDARD = "gnu++14";
				CLANG_CXX_LIBRARY = "libc++";
				CLANG_ENABLE_MODULES = YES;
				CLANG_ENABLE_OBJC_ARC = YES;
				CLANG_ENABLE_OBJC_WEAK = YES;
				CLANG_WARN_BLOCK_CAPTURE_AUTORELEASING = YES;
				CLANG_WARN_BOOL_CONVERSION = YES;
				CLANG_WARN_COMMA = YES;
				CLANG_WARN_CONSTANT_CONVERSION = YES;
				CLANG_WARN_DEPRECATED_OBJC_IMPLEMENTATIONS = YES;
				CLANG_WARN_DIRECT_OBJC_ISA_USAGE = YES_ERROR;
				CLANG_WARN_DOCUMENTATION_COMMENTS = YES;
				CLANG_WARN_EMPTY_BODY = YES;
				CLANG_WARN_ENUM_CONVERSION = YES;
				CLANG_WARN_INFINITE_RECURSION = YES;
				CLANG_WARN_INT_CONVERSION = YES;
				CLANG_WARN_NON_LITERAL_NULL_CONVERSION = YES;
				CLANG_WARN_OBJC_IMPLICIT_RETAIN_SELF = YES;
				CLANG_WARN_OBJC_LITERAL_CONVERSION = YES;
				CLANG_WARN_OBJC_ROOT_CLASS = YES_ERROR;
				CLANG_WARN_RANGE_LOOP_ANALYSIS = YES;
				CLANG_WARN_STRICT_PROTOTYPES = YES;
				CLANG_WARN_SUSPICIOUS_MOVE = YES;
				CLANG_WARN_UNGUARDED_AVAILABILITY = YES_AGGRESSIVE;
				CLANG_WARN_UNREACHABLE_CODE = YES;
				CLANG_WARN__DUPLICATE_METHOD_MATCH = YES;
				COPY_PHASE_STRIP = NO;
				DEBUG_INFORMATION_FORMAT = dwarf;
				ENABLE_STRICT_OBJC_MSGSEND = YES;
				ENABLE_TESTABILITY = YES;
				GCC_C_LANGUAGE_STANDARD = gnu11;
				GCC_DYNAMIC_NO_PIC = NO;
				GCC_NO_COMMON_BLOCKS = YES;
				GCC_OPTIMIZATION_LEVEL = 0;
				GCC_PREPROCESSOR_DEFINITIONS = (
					"DEBUG=1",
					"$(inherited)",
				);
				GCC_WARN_64_TO_32_BIT_CONVERSION = YES;
				GCC_WARN_ABOUT_RETURN_TYPE = YES_ERROR;
				GCC_WARN_UNDECLARED_SELECTOR = YES;
				GCC_WARN_UNINITIALIZED_AUTOS = YES_AGGRESSIVE;
				GCC_WARN_UNUSED_FUNCTION = YES;
				GCC_WARN_UNUSED_VARIABLE = YES;
				IPHONEOS_DEPLOYMENT_TARGET = 13.2;
				MTL_ENABLE_DEBUG_INFO = INCLUDE_SOURCE;
				MTL_FAST_MATH = YES;
				ONLY_ACTIVE_ARCH = YES;
				SDKROOT = iphoneos;
				SWIFT_ACTIVE_COMPILATION_CONDITIONS = DEBUG;
				SWIFT_OPTIMIZATION_LEVEL = "-Onone";
			};
			name = Debug;
		};
		452F7EBA241AAB3800C3E4A9 /* Release */ = {
			isa = XCBuildConfiguration;
			buildSettings = {
				ALWAYS_SEARCH_USER_PATHS = NO;
				CLANG_ANALYZER_NONNULL = YES;
				CLANG_ANALYZER_NUMBER_OBJECT_CONVERSION = YES_AGGRESSIVE;
				CLANG_CXX_LANGUAGE_STANDARD = "gnu++14";
				CLANG_CXX_LIBRARY = "libc++";
				CLANG_ENABLE_MODULES = YES;
				CLANG_ENABLE_OBJC_ARC = YES;
				CLANG_ENABLE_OBJC_WEAK = YES;
				CLANG_WARN_BLOCK_CAPTURE_AUTORELEASING = YES;
				CLANG_WARN_BOOL_CONVERSION = YES;
				CLANG_WARN_COMMA = YES;
				CLANG_WARN_CONSTANT_CONVERSION = YES;
				CLANG_WARN_DEPRECATED_OBJC_IMPLEMENTATIONS = YES;
				CLANG_WARN_DIRECT_OBJC_ISA_USAGE = YES_ERROR;
				CLANG_WARN_DOCUMENTATION_COMMENTS = YES;
				CLANG_WARN_EMPTY_BODY = YES;
				CLANG_WARN_ENUM_CONVERSION = YES;
				CLANG_WARN_INFINITE_RECURSION = YES;
				CLANG_WARN_INT_CONVERSION = YES;
				CLANG_WARN_NON_LITERAL_NULL_CONVERSION = YES;
				CLANG_WARN_OBJC_IMPLICIT_RETAIN_SELF = YES;
				CLANG_WARN_OBJC_LITERAL_CONVERSION = YES;
				CLANG_WARN_OBJC_ROOT_CLASS = YES_ERROR;
				CLANG_WARN_RANGE_LOOP_ANALYSIS = YES;
				CLANG_WARN_STRICT_PROTOTYPES = YES;
				CLANG_WARN_SUSPICIOUS_MOVE = YES;
				CLANG_WARN_UNGUARDED_AVAILABILITY = YES_AGGRESSIVE;
				CLANG_WARN_UNREACHABLE_CODE = YES;
				CLANG_WARN__DUPLICATE_METHOD_MATCH = YES;
				COPY_PHASE_STRIP = NO;
				DEBUG_INFORMATION_FORMAT = "dwarf-with-dsym";
				ENABLE_NS_ASSERTIONS = NO;
				ENABLE_STRICT_OBJC_MSGSEND = YES;
				GCC_C_LANGUAGE_STANDARD = gnu11;
				GCC_NO_COMMON_BLOCKS = YES;
				GCC_WARN_64_TO_32_BIT_CONVERSION = YES;
				GCC_WARN_ABOUT_RETURN_TYPE = YES_ERROR;
				GCC_WARN_UNDECLARED_SELECTOR = YES;
				GCC_WARN_UNINITIALIZED_AUTOS = YES_AGGRESSIVE;
				GCC_WARN_UNUSED_FUNCTION = YES;
				GCC_WARN_UNUSED_VARIABLE = YES;
				IPHONEOS_DEPLOYMENT_TARGET = 13.2;
				MTL_ENABLE_DEBUG_INFO = NO;
				MTL_FAST_MATH = YES;
				SDKROOT = iphoneos;
				SWIFT_COMPILATION_MODE = wholemodule;
				SWIFT_OPTIMIZATION_LEVEL = "-O";
				VALIDATE_PRODUCT = YES;
			};
			name = Release;
		};
		452F7EBC241AAB3800C3E4A9 /* Debug */ = {
			isa = XCBuildConfiguration;
			buildSettings = {
				ASSETCATALOG_COMPILER_APPICON_NAME = AppIcon;
				CODE_SIGN_STYLE = Automatic;
				DEVELOPMENT_ASSET_PATHS = "\"NBAQuiz/Preview Content\"";
				DEVELOPMENT_TEAM = PGJV57GD94;
				ENABLE_PREVIEWS = YES;
				INFOPLIST_FILE = NBAQuiz/Info.plist;
				LD_RUNPATH_SEARCH_PATHS = (
					"$(inherited)",
					"@executable_path/Frameworks",
				);
				PRODUCT_BUNDLE_IDENTIFIER = com.kayvon.NBAQuiz;
				PRODUCT_NAME = "$(TARGET_NAME)";
				SWIFT_VERSION = 5.0;
				TARGETED_DEVICE_FAMILY = "1,2";
			};
			name = Debug;
		};
		452F7EBD241AAB3800C3E4A9 /* Release */ = {
			isa = XCBuildConfiguration;
			buildSettings = {
				ASSETCATALOG_COMPILER_APPICON_NAME = AppIcon;
				CODE_SIGN_STYLE = Automatic;
				DEVELOPMENT_ASSET_PATHS = "\"NBAQuiz/Preview Content\"";
				DEVELOPMENT_TEAM = PGJV57GD94;
				ENABLE_PREVIEWS = YES;
				INFOPLIST_FILE = NBAQuiz/Info.plist;
				LD_RUNPATH_SEARCH_PATHS = (
					"$(inherited)",
					"@executable_path/Frameworks",
				);
				PRODUCT_BUNDLE_IDENTIFIER = com.kayvon.NBAQuiz;
				PRODUCT_NAME = "$(TARGET_NAME)";
				SWIFT_VERSION = 5.0;
				TARGETED_DEVICE_FAMILY = "1,2";
			};
			name = Release;
		};
/* End XCBuildConfiguration section */

/* Begin XCConfigurationList section */
		452F7E9F241AAB3600C3E4A9 /* Build configuration list for PBXProject "NBAQuiz" */ = {
			isa = XCConfigurationList;
			buildConfigurations = (
				452F7EB9241AAB3800C3E4A9 /* Debug */,
				452F7EBA241AAB3800C3E4A9 /* Release */,
			);
			defaultConfigurationIsVisible = 0;
			defaultConfigurationName = Release;
		};
		452F7EBB241AAB3800C3E4A9 /* Build configuration list for PBXNativeTarget "NBAQuiz" */ = {
			isa = XCConfigurationList;
			buildConfigurations = (
				452F7EBC241AAB3800C3E4A9 /* Debug */,
				452F7EBD241AAB3800C3E4A9 /* Release */,
			);
			defaultConfigurationIsVisible = 0;
			defaultConfigurationName = Release;
		};
/* End XCConfigurationList section */

/* Begin XCVersionGroup section */
		452F7EAB241AAB3600C3E4A9 /* NBAQuiz.xcdatamodeld */ = {
			isa = XCVersionGroup;
			children = (
				452F7EAC241AAB3600C3E4A9 /* NBAQuiz.xcdatamodel */,
			);
			currentVersion = 452F7EAC241AAB3600C3E4A9 /* NBAQuiz.xcdatamodel */;
			path = NBAQuiz.xcdatamodeld;
			sourceTree = "<group>";
			versionGroupType = wrapper.xcdatamodel;
		};
/* End XCVersionGroup section */
	};
	rootObject = 452F7E9C241AAB3600C3E4A9 /* Project object */;
}
